# This file was autogenerated by Stack.
# You should not edit this file by hand.
# For more information, please see the documentation at:
#   https://docs.haskellstack.org/en/stable/lock_files

packages:
- completed:
    hackage: constraints-0.13.4@sha256:5bb8a5db1a5b49eb6904f9fd6ef5f73e41f81dddf5c6a4db14f4172bab15b5f9,2507
    pantry-tree:
      sha256: 52f3559f94415a9933753e8fff24cc1a22b738002fa4260a8acc0f39d353b481
      size: 867
  original:
    hackage: constraints-0.13.4
- completed:
    hackage: patch-0.0.8.2@sha256:629479fb09e451570d4f7b2f581c37b16cb5ff131881f632138a199d8dcfe794,3338
    pantry-tree:
      sha256: f39897e2021c8207dc02341d54c8ea2720a0ae98a1e8e6f82a8d894f4e2cb959
      size: 1179
  original:
    hackage: patch-0.0.8.2
- completed:
    hackage: primitive-0.7.4.0@sha256:c2f0ed97b3dce97f2f43b239c3be8b136e4368f1eb7b61322ee9ac98f604622b,2982
    pantry-tree:
      sha256: 1cd1f40729b3038f1140fbf506ce59ab2db3f745b1727e0beba6390621aa9630
      size: 1655
  original:
    hackage: primitive-0.7.4.0
- completed:
    hackage: reflex-0.9.3.0@sha256:e0c67fbdd4e270a1a04e3fb7bab03ac431052e9a28296bd55659204a27fa44cb,12252
    pantry-tree:
      sha256: e98a56416059f1c04d6c746a96977121dee47cf1caeb922196c438bcd5fe5efe
      size: 4664
  original:
    hackage: reflex-0.9.3.0
snapshots:
- completed:
    sha256: 98fe98dae6f42f9b4405e5467f62f57df2896c57b742a09772688c900c722510
    size: 719579
    url: https://raw.githubusercontent.com/commercialhaskell/stackage-snapshots/master/lts/22/29.yaml
  original:
    url: https://raw.githubusercontent.com/commercialhaskell/stackage-snapshots/master/lts/22/29.yaml
